
Microsoft Visual Studio Solution File, Format Version 12.00
# Visual Studio Version 17
VisualStudioVersion = 17.13.35828.75 d17.13
MinimumVisualStudioVersion = 10.0.40219.1
Project("{FAE04EC0-301F-11D3-BF4B-00C04F79EFBC}") = "apiExamenFinal", "apiExamenFinal.csproj", "{5AC816E6-81C5-4319-9748-4CDF9E7BB2FE}"
EndProject
Global
	GlobalSection(SolutionConfigurationPlatforms) = preSolution
		Debug|Any CPU = Debug|Any CPU
		Release|Any CPU = Release|Any CPU
	EndGlobalSection
	GlobalSection(ProjectConfigurationPlatforms) = postSolution
		{5AC816E6-81C5-4319-9748-4CDF9E7BB2FE}.Debug|Any CPU.ActiveCfg = Debug|Any CPU
		{5AC816E6-81C5-4319-9748-4CDF9E7BB2FE}.Debug|Any CPU.Build.0 = Debug|Any CPU
		{5AC816E6-81C5-4319-9748-4CDF9E7BB2FE}.Release|Any CPU.ActiveCfg = Release|Any CPU
		{5AC816E6-81C5-4319-9748-4CDF9E7BB2FE}.Release|Any CPU.Build.0 = Release|Any CPU
	EndGlobalSection
	GlobalSection(SolutionProperties) = preSolution
		HideSolutionNode = FALSE
	EndGlobalSection
	GlobalSection(ExtensibilityGlobals) = postSolution
		SolutionGuid = {8AD03480-F4B7-498A-ACFD-3B15E8A6ED90}
	EndGlobalSection
EndGlobal
